
Microsoft Visual Studio Solution File, Format Version 12.00
# Visual Studio Version 17
VisualStudioVersion = 17.9.34728.123
MinimumVisualStudioVersion = 10.0.40219.1
Project("{8BC9CEB8-8B4A-11D0-8D11-00A0C91BC942}") = "rsa-digital-signature", "rsa-digital-signature\rsa-digital-signature.vcxproj", "{C9AA2294-CC6C-4F11-A6DF-1F7548902CF2}"
EndProject
Global
	GlobalSection(SolutionConfigurationPlatforms) = preSolution
		Debug|x64 = Debug|x64
		Release|x64 = Release|x64
	EndGlobalSection
	GlobalSection(ProjectConfigurationPlatforms) = postSolution
		{C9AA2294-CC6C-4F11-A6DF-1F7548902CF2}.Debug|x64.ActiveCfg = Debug|x64
		{C9AA2294-CC6C-4F11-A6DF-1F7548902CF2}.Debug|x64.Build.0 = Debug|x64
		{C9AA2294-CC6C-4F11-A6DF-1F7548902CF2}.Release|x64.ActiveCfg = Release|x64
		{C9AA2294-CC6C-4F11-A6DF-1F7548902CF2}.Release|x64.Build.0 = Release|x64
	EndGlobalSection
	GlobalSection(SolutionProperties) = preSolution
		HideSolutionNode = FALSE
	EndGlobalSection
	GlobalSection(ExtensibilityGlobals) = postSolution
		SolutionGuid = {35A9BBB8-775B-44A5-B8FB-E084FFF2D691}
	EndGlobalSection
EndGlobal
